
Microsoft Visual Studio Solution File, Format Version 12.00
# Visual Studio Version 17
VisualStudioVersion = 17.9.34701.34
MinimumVisualStudioVersion = 10.0.40219.1
Project("{FAE04EC0-301F-11D3-BF4B-00C04F79EFBC}") = "Merge Strings Alternately", "Merge Strings Alternately.csproj", "{94B164B2-A42A-4D30-B3AD-B20D39AB3073}"
EndProject
Global
	GlobalSection(SolutionConfigurationPlatforms) = preSolution
		Debug|Any CPU = Debug|Any CPU
		Release|Any CPU = Release|Any CPU
	EndGlobalSection
	GlobalSection(ProjectConfigurationPlatforms) = postSolution
		{94B164B2-A42A-4D30-B3AD-B20D39AB3073}.Debug|Any CPU.ActiveCfg = Debug|Any CPU
		{94B164B2-A42A-4D30-B3AD-B20D39AB3073}.Debug|Any CPU.Build.0 = Debug|Any CPU
		{94B164B2-A42A-4D30-B3AD-B20D39AB3073}.Release|Any CPU.ActiveCfg = Release|Any CPU
		{94B164B2-A42A-4D30-B3AD-B20D39AB3073}.Release|Any CPU.Build.0 = Release|Any CPU
	EndGlobalSection
	GlobalSection(SolutionProperties) = preSolution
		HideSolutionNode = FALSE
	EndGlobalSection
	GlobalSection(ExtensibilityGlobals) = postSolution
		SolutionGuid = {843C5C24-E386-4527-97BB-1C21B98958C4}
	EndGlobalSection
EndGlobal
