
Microsoft Visual Studio Solution File, Format Version 12.00
# Visual Studio Version 17
VisualStudioVersion = 17.9.34723.18
MinimumVisualStudioVersion = 10.0.40219.1
Project("{9A19103F-16F7-4668-BE54-9A1E7A4F7556}") = "Longest Consecutive Sequence", "Longest Consecutive Sequence.csproj", "{9C0C9CDB-D9EF-434F-891D-3F7387C15A51}"
EndProject
Global
	GlobalSection(SolutionConfigurationPlatforms) = preSolution
		Debug|Any CPU = Debug|Any CPU
		Release|Any CPU = Release|Any CPU
	EndGlobalSection
	GlobalSection(ProjectConfigurationPlatforms) = postSolution
		{9C0C9CDB-D9EF-434F-891D-3F7387C15A51}.Debug|Any CPU.ActiveCfg = Debug|Any CPU
		{9C0C9CDB-D9EF-434F-891D-3F7387C15A51}.Debug|Any CPU.Build.0 = Debug|Any CPU
		{9C0C9CDB-D9EF-434F-891D-3F7387C15A51}.Release|Any CPU.ActiveCfg = Release|Any CPU
		{9C0C9CDB-D9EF-434F-891D-3F7387C15A51}.Release|Any CPU.Build.0 = Release|Any CPU
	EndGlobalSection
	GlobalSection(SolutionProperties) = preSolution
		HideSolutionNode = FALSE
	EndGlobalSection
	GlobalSection(ExtensibilityGlobals) = postSolution
		SolutionGuid = {54616647-BDDD-458A-BF2F-36CC40450573}
	EndGlobalSection
EndGlobal
